{
  "name": "planettech",
  "version": "0.0.5-alpha.0",
  "lockfileVersion": 3,
  "requires": true,
  "packages": {
    "": {
      "name": "planettech",
      "version": "0.0.5-alpha.0",
      "license": "ISC",
      "dependencies": {
        "three": "^0.162.0"
      }
    },
    "node_modules/three": {
      "version": "0.162.0",
      "resolved": "https://registry.npmjs.org/three/-/three-0.162.0.tgz",
      "integrity": "sha512-xfCYj4RnlozReCmUd+XQzj6/5OjDNHBy5nT6rVwrOKGENAvpXe2z1jL+DZYaMu4/9pNsjH/4Os/VvS9IrH7IOQ=="
    }
  }
}
