{
  "name": "planettech",
  "version": "0.0.5-alpha.1.1",
  "lockfileVersion": 3,
  "requires": true,
  "packages": {
    "": {
      "name": "planettech",
      "version": "0.0.5-alpha.1.1",
      "license": "ISC",
      "dependencies": {
        "postprocessing": "^6.34.3",
        "three": "^0.162.0"
      }
    },
    "node_modules/postprocessing": {
      "version": "6.35.2",
      "resolved": "https://registry.npmjs.org/postprocessing/-/postprocessing-6.35.2.tgz",
      "integrity": "sha512-yGmidrVzA1dSEmExYGgWOGcRvyOVahvurNo9iuzOonRCY6f1hnJe6/HMVSnKV9ppjLtCTqzZOI9iz8CACkmijw==",
      "engines": {
        "node": ">= 0.13.2"
      },
      "peerDependencies": {
        "three": ">= 0.152.0 < 0.163.0"
      }
    },
    "node_modules/three": {
      "version": "0.162.0",
      "resolved": "https://registry.npmjs.org/three/-/three-0.162.0.tgz",
      "integrity": "sha512-xfCYj4RnlozReCmUd+XQzj6/5OjDNHBy5nT6rVwrOKGENAvpXe2z1jL+DZYaMu4/9pNsjH/4Os/VvS9IrH7IOQ=="
    }
  }
}
